
Microsoft Visual Studio Solution File, Format Version 12.00
# Visual Studio Version 17
VisualStudioVersion = 17.7.34202.233
MinimumVisualStudioVersion = 10.0.40219.1
Project("{FAE04EC0-301F-11D3-BF4B-00C04F79EFBC}") = "Service", "Service\Service.csproj", "{FEE3FCDD-48A8-44EC-81C3-14BB508848C5}"
EndProject
Project("{FAE04EC0-301F-11D3-BF4B-00C04F79EFBC}") = "Host", "Host\Host.csproj", "{790A95A9-A8FB-479F-8A6E-61A3EFA454B5}"
EndProject
Project("{FAE04EC0-301F-11D3-BF4B-00C04F79EFBC}") = "FormsApp", "FormsApp\FormsApp.csproj", "{1377F0B4-04B5-4A0E-8CE2-FEA0DBF6DF75}"
EndProject
Global
	GlobalSection(SolutionConfigurationPlatforms) = preSolution
		Debug|Any CPU = Debug|Any CPU
		Release|Any CPU = Release|Any CPU
	EndGlobalSection
	GlobalSection(ProjectConfigurationPlatforms) = postSolution
		{FEE3FCDD-48A8-44EC-81C3-14BB508848C5}.Debug|Any CPU.ActiveCfg = Debug|Any CPU
		{FEE3FCDD-48A8-44EC-81C3-14BB508848C5}.Debug|Any CPU.Build.0 = Debug|Any CPU
		{FEE3FCDD-48A8-44EC-81C3-14BB508848C5}.Release|Any CPU.ActiveCfg = Release|Any CPU
		{FEE3FCDD-48A8-44EC-81C3-14BB508848C5}.Release|Any CPU.Build.0 = Release|Any CPU
		{790A95A9-A8FB-479F-8A6E-61A3EFA454B5}.Debug|Any CPU.ActiveCfg = Debug|Any CPU
		{790A95A9-A8FB-479F-8A6E-61A3EFA454B5}.Debug|Any CPU.Build.0 = Debug|Any CPU
		{790A95A9-A8FB-479F-8A6E-61A3EFA454B5}.Release|Any CPU.ActiveCfg = Release|Any CPU
		{790A95A9-A8FB-479F-8A6E-61A3EFA454B5}.Release|Any CPU.Build.0 = Release|Any CPU
		{1377F0B4-04B5-4A0E-8CE2-FEA0DBF6DF75}.Debug|Any CPU.ActiveCfg = Debug|Any CPU
		{1377F0B4-04B5-4A0E-8CE2-FEA0DBF6DF75}.Debug|Any CPU.Build.0 = Debug|Any CPU
		{1377F0B4-04B5-4A0E-8CE2-FEA0DBF6DF75}.Release|Any CPU.ActiveCfg = Release|Any CPU
		{1377F0B4-04B5-4A0E-8CE2-FEA0DBF6DF75}.Release|Any CPU.Build.0 = Release|Any CPU
	EndGlobalSection
	GlobalSection(SolutionProperties) = preSolution
		HideSolutionNode = FALSE
	EndGlobalSection
	GlobalSection(ExtensibilityGlobals) = postSolution
		SolutionGuid = {BFE9E7FD-6CA0-420E-92AA-FEC90B217730}
	EndGlobalSection
EndGlobal
